{
  "name": "@converseai/plugindata-sdk",
  "version": "1.0.0",
  "lockfileVersion": 1,
  "requires": true,
  "dependencies": {
    "@converseai/plugindata": {
      "version": "1.0.2",
      "resolved": "https://registry.npmjs.org/@converseai/plugindata/-/plugindata-1.0.2.tgz",
      "integrity": "sha512-2FzbLEqxYRTdA9Umod9EYjzY3Y1h8c6u9jMEYp+pvEG7SBg/zGzlM8rFcsxPAgH0lM7gzVKVOqNZyi6xb0nnzw=="
    }
  }
}
